
Microsoft Visual Studio Solution File, Format Version 12.00
# Visual Studio 2013
VisualStudioVersion = 12.0.21005.1
MinimumVisualStudioVersion = 10.0.40219.1
Project("{FAE04EC0-301F-11D3-BF4B-00C04F79EFBC}") = "Factory_Method", "Factory_Method\Factory_Method.csproj", "{9377C516-BDE6-4F7C-89C9-8318AEE50569}"
EndProject
Project("{FAE04EC0-301F-11D3-BF4B-00C04F79EFBC}") = "Abstract_Factory", "Abstract_Factory\Abstract_Factory.csproj", "{883A9A7C-8AE5-4C78-91EE-A74CC11DD9A3}"
EndProject
Project("{2150E333-8FDC-42A3-9474-1A3956D46DE8}") = "Generating_Patterns", "Generating_Patterns", "{4E9C4EA0-49D4-42F7-9C5D-D18DEF715A88}"
EndProject
Project("{FAE04EC0-301F-11D3-BF4B-00C04F79EFBC}") = "Singleton", "Singleton\Singleton.csproj", "{5F7C7249-0C34-43D6-91E7-E11B448F50B5}"
EndProject
Project("{FAE04EC0-301F-11D3-BF4B-00C04F79EFBC}") = "Prototype", "Prototype\Prototype.csproj", "{5CA927C6-96D8-435A-B1A8-9E1793A03FF3}"
EndProject
Project("{FAE04EC0-301F-11D3-BF4B-00C04F79EFBC}") = "Builder", "Builder\Builder.csproj", "{CA3C7BC3-FA37-47AB-BE8A-689EE0E14D01}"
EndProject
Project("{2150E333-8FDC-42A3-9474-1A3956D46DE8}") = "Behavior_Patterns", "Behavior_Patterns", "{C7076E34-FD8E-4E1A-8263-B7D73FC6BA51}"
EndProject
Project("{FAE04EC0-301F-11D3-BF4B-00C04F79EFBC}") = "Strategy", "Strategy\Strategy.csproj", "{418DA1B8-6661-4311-8D40-120543C56A46}"
EndProject
Project("{FAE04EC0-301F-11D3-BF4B-00C04F79EFBC}") = "Observer", "Observer\Observer.csproj", "{5CBCCB1C-AEAE-4FBE-9B74-9FA065B4FF05}"
EndProject
Project("{FAE04EC0-301F-11D3-BF4B-00C04F79EFBC}") = "Command", "Command\Command.csproj", "{8B4325B1-F759-40FB-A21C-A38EAA29AC11}"
EndProject
Project("{FAE04EC0-301F-11D3-BF4B-00C04F79EFBC}") = "Template_Method", "Template_Method\Template_Method.csproj", "{272DDCFA-CE8D-4DE9-8453-CE194908AEAA}"
EndProject
Project("{FAE04EC0-301F-11D3-BF4B-00C04F79EFBC}") = "Iterator", "Iterator\Iterator.csproj", "{5C48E155-AEAB-458D-8CEC-4082D82E96C6}"
EndProject
Project("{FAE04EC0-301F-11D3-BF4B-00C04F79EFBC}") = "State", "State\State.csproj", "{E791239E-1470-4AB1-A84B-48F85D8D0859}"
EndProject
Project("{FAE04EC0-301F-11D3-BF4B-00C04F79EFBC}") = "ChainOfResponsibility", "ChainOfResponsibility\ChainOfResponsibility.csproj", "{4A475373-1F48-4E98-ABBF-FE0580E46E64}"
EndProject
Project("{FAE04EC0-301F-11D3-BF4B-00C04F79EFBC}") = "Interpreter", "Interpreter\Interpreter.csproj", "{4305D4FE-4D7F-41EC-BE73-3C8273A2C530}"
EndProject
Project("{FAE04EC0-301F-11D3-BF4B-00C04F79EFBC}") = "Visitor", "Visitor\Visitor.csproj", "{D4C13DCB-59AE-4FF6-A833-A24FA02394F6}"
EndProject
Project("{2150E333-8FDC-42A3-9474-1A3956D46DE8}") = "Structural_Patterns", "Structural_Patterns", "{B107052D-68FE-4318-9AB0-6DAC31158811}"
EndProject
Project("{FAE04EC0-301F-11D3-BF4B-00C04F79EFBC}") = "Decorator", "Decorator\Decorator.csproj", "{B89BA652-2280-4FAE-B7CF-674AF3FBA21C}"
EndProject
Project("{FAE04EC0-301F-11D3-BF4B-00C04F79EFBC}") = "Adapter", "Adapter\Adapter.csproj", "{6A6FB3F1-02A7-47F5-BDE2-D3A54C259D0D}"
EndProject
Project("{FAE04EC0-301F-11D3-BF4B-00C04F79EFBC}") = "Facade", "Facade\Facade.csproj", "{334AB062-DA4D-4BB4-A3A7-0DB0FEF7B38B}"
EndProject
Project("{FAE04EC0-301F-11D3-BF4B-00C04F79EFBC}") = "Composite", "Composite\Composite.csproj", "{4CC45DCB-CBDA-427D-B4B5-98D851484405}"
EndProject
Project("{FAE04EC0-301F-11D3-BF4B-00C04F79EFBC}") = "Proxy", "Proxy\Proxy.csproj", "{0A40CEF1-BCF2-46FE-A5DD-84A6291BC168}"
EndProject
Project("{FAE04EC0-301F-11D3-BF4B-00C04F79EFBC}") = "Bridge", "Bridge\Bridge.csproj", "{F085416D-8908-4470-BBE0-770B5FA99ADD}"
EndProject
Project("{FAE04EC0-301F-11D3-BF4B-00C04F79EFBC}") = "Flyweight", "Flyweight\Flyweight.csproj", "{07A25665-EF20-4F97-A13A-ED120D7BD82A}"
EndProject
Project("{FAE04EC0-301F-11D3-BF4B-00C04F79EFBC}") = "Mediator", "Mediator\Mediator.csproj", "{7AF12FF0-A480-4F3A-BA27-6568C48228CD}"
EndProject
Project("{FAE04EC0-301F-11D3-BF4B-00C04F79EFBC}") = "Memento", "Memento\Memento.csproj", "{9A93E112-F0CF-43EC-97ED-23A7AE68558E}"
EndProject
Global
	GlobalSection(SolutionConfigurationPlatforms) = preSolution
		Debug|Any CPU = Debug|Any CPU
		Release|Any CPU = Release|Any CPU
	EndGlobalSection
	GlobalSection(ProjectConfigurationPlatforms) = postSolution
		{9377C516-BDE6-4F7C-89C9-8318AEE50569}.Debug|Any CPU.ActiveCfg = Debug|Any CPU
		{9377C516-BDE6-4F7C-89C9-8318AEE50569}.Debug|Any CPU.Build.0 = Debug|Any CPU
		{9377C516-BDE6-4F7C-89C9-8318AEE50569}.Release|Any CPU.ActiveCfg = Release|Any CPU
		{9377C516-BDE6-4F7C-89C9-8318AEE50569}.Release|Any CPU.Build.0 = Release|Any CPU
		{883A9A7C-8AE5-4C78-91EE-A74CC11DD9A3}.Debug|Any CPU.ActiveCfg = Debug|Any CPU
		{883A9A7C-8AE5-4C78-91EE-A74CC11DD9A3}.Debug|Any CPU.Build.0 = Debug|Any CPU
		{883A9A7C-8AE5-4C78-91EE-A74CC11DD9A3}.Release|Any CPU.ActiveCfg = Release|Any CPU
		{883A9A7C-8AE5-4C78-91EE-A74CC11DD9A3}.Release|Any CPU.Build.0 = Release|Any CPU
		{5F7C7249-0C34-43D6-91E7-E11B448F50B5}.Debug|Any CPU.ActiveCfg = Debug|Any CPU
		{5F7C7249-0C34-43D6-91E7-E11B448F50B5}.Debug|Any CPU.Build.0 = Debug|Any CPU
		{5F7C7249-0C34-43D6-91E7-E11B448F50B5}.Release|Any CPU.ActiveCfg = Release|Any CPU
		{5F7C7249-0C34-43D6-91E7-E11B448F50B5}.Release|Any CPU.Build.0 = Release|Any CPU
		{5CA927C6-96D8-435A-B1A8-9E1793A03FF3}.Debug|Any CPU.ActiveCfg = Debug|Any CPU
		{5CA927C6-96D8-435A-B1A8-9E1793A03FF3}.Debug|Any CPU.Build.0 = Debug|Any CPU
		{5CA927C6-96D8-435A-B1A8-9E1793A03FF3}.Release|Any CPU.ActiveCfg = Release|Any CPU
		{5CA927C6-96D8-435A-B1A8-9E1793A03FF3}.Release|Any CPU.Build.0 = Release|Any CPU
		{CA3C7BC3-FA37-47AB-BE8A-689EE0E14D01}.Debug|Any CPU.ActiveCfg = Debug|Any CPU
		{CA3C7BC3-FA37-47AB-BE8A-689EE0E14D01}.Debug|Any CPU.Build.0 = Debug|Any CPU
		{CA3C7BC3-FA37-47AB-BE8A-689EE0E14D01}.Release|Any CPU.ActiveCfg = Release|Any CPU
		{CA3C7BC3-FA37-47AB-BE8A-689EE0E14D01}.Release|Any CPU.Build.0 = Release|Any CPU
		{418DA1B8-6661-4311-8D40-120543C56A46}.Debug|Any CPU.ActiveCfg = Debug|Any CPU
		{418DA1B8-6661-4311-8D40-120543C56A46}.Debug|Any CPU.Build.0 = Debug|Any CPU
		{418DA1B8-6661-4311-8D40-120543C56A46}.Release|Any CPU.ActiveCfg = Release|Any CPU
		{418DA1B8-6661-4311-8D40-120543C56A46}.Release|Any CPU.Build.0 = Release|Any CPU
		{5CBCCB1C-AEAE-4FBE-9B74-9FA065B4FF05}.Debug|Any CPU.ActiveCfg = Debug|Any CPU
		{5CBCCB1C-AEAE-4FBE-9B74-9FA065B4FF05}.Debug|Any CPU.Build.0 = Debug|Any CPU
		{5CBCCB1C-AEAE-4FBE-9B74-9FA065B4FF05}.Release|Any CPU.ActiveCfg = Release|Any CPU
		{5CBCCB1C-AEAE-4FBE-9B74-9FA065B4FF05}.Release|Any CPU.Build.0 = Release|Any CPU
		{8B4325B1-F759-40FB-A21C-A38EAA29AC11}.Debug|Any CPU.ActiveCfg = Debug|Any CPU
		{8B4325B1-F759-40FB-A21C-A38EAA29AC11}.Debug|Any CPU.Build.0 = Debug|Any CPU
		{8B4325B1-F759-40FB-A21C-A38EAA29AC11}.Release|Any CPU.ActiveCfg = Release|Any CPU
		{8B4325B1-F759-40FB-A21C-A38EAA29AC11}.Release|Any CPU.Build.0 = Release|Any CPU
		{272DDCFA-CE8D-4DE9-8453-CE194908AEAA}.Debug|Any CPU.ActiveCfg = Debug|Any CPU
		{272DDCFA-CE8D-4DE9-8453-CE194908AEAA}.Debug|Any CPU.Build.0 = Debug|Any CPU
		{272DDCFA-CE8D-4DE9-8453-CE194908AEAA}.Release|Any CPU.ActiveCfg = Release|Any CPU
		{272DDCFA-CE8D-4DE9-8453-CE194908AEAA}.Release|Any CPU.Build.0 = Release|Any CPU
		{5C48E155-AEAB-458D-8CEC-4082D82E96C6}.Debug|Any CPU.ActiveCfg = Debug|Any CPU
		{5C48E155-AEAB-458D-8CEC-4082D82E96C6}.Debug|Any CPU.Build.0 = Debug|Any CPU
		{5C48E155-AEAB-458D-8CEC-4082D82E96C6}.Release|Any CPU.ActiveCfg = Release|Any CPU
		{5C48E155-AEAB-458D-8CEC-4082D82E96C6}.Release|Any CPU.Build.0 = Release|Any CPU
		{E791239E-1470-4AB1-A84B-48F85D8D0859}.Debug|Any CPU.ActiveCfg = Debug|Any CPU
		{E791239E-1470-4AB1-A84B-48F85D8D0859}.Debug|Any CPU.Build.0 = Debug|Any CPU
		{E791239E-1470-4AB1-A84B-48F85D8D0859}.Release|Any CPU.ActiveCfg = Release|Any CPU
		{E791239E-1470-4AB1-A84B-48F85D8D0859}.Release|Any CPU.Build.0 = Release|Any CPU
		{4A475373-1F48-4E98-ABBF-FE0580E46E64}.Debug|Any CPU.ActiveCfg = Debug|Any CPU
		{4A475373-1F48-4E98-ABBF-FE0580E46E64}.Debug|Any CPU.Build.0 = Debug|Any CPU
		{4A475373-1F48-4E98-ABBF-FE0580E46E64}.Release|Any CPU.ActiveCfg = Release|Any CPU
		{4A475373-1F48-4E98-ABBF-FE0580E46E64}.Release|Any CPU.Build.0 = Release|Any CPU
		{4305D4FE-4D7F-41EC-BE73-3C8273A2C530}.Debug|Any CPU.ActiveCfg = Debug|Any CPU
		{4305D4FE-4D7F-41EC-BE73-3C8273A2C530}.Debug|Any CPU.Build.0 = Debug|Any CPU
		{4305D4FE-4D7F-41EC-BE73-3C8273A2C530}.Release|Any CPU.ActiveCfg = Release|Any CPU
		{4305D4FE-4D7F-41EC-BE73-3C8273A2C530}.Release|Any CPU.Build.0 = Release|Any CPU
		{D4C13DCB-59AE-4FF6-A833-A24FA02394F6}.Debug|Any CPU.ActiveCfg = Debug|Any CPU
		{D4C13DCB-59AE-4FF6-A833-A24FA02394F6}.Debug|Any CPU.Build.0 = Debug|Any CPU
		{D4C13DCB-59AE-4FF6-A833-A24FA02394F6}.Release|Any CPU.ActiveCfg = Release|Any CPU
		{D4C13DCB-59AE-4FF6-A833-A24FA02394F6}.Release|Any CPU.Build.0 = Release|Any CPU
		{B89BA652-2280-4FAE-B7CF-674AF3FBA21C}.Debug|Any CPU.ActiveCfg = Debug|Any CPU
		{B89BA652-2280-4FAE-B7CF-674AF3FBA21C}.Debug|Any CPU.Build.0 = Debug|Any CPU
		{B89BA652-2280-4FAE-B7CF-674AF3FBA21C}.Release|Any CPU.ActiveCfg = Release|Any CPU
		{B89BA652-2280-4FAE-B7CF-674AF3FBA21C}.Release|Any CPU.Build.0 = Release|Any CPU
		{6A6FB3F1-02A7-47F5-BDE2-D3A54C259D0D}.Debug|Any CPU.ActiveCfg = Debug|Any CPU
		{6A6FB3F1-02A7-47F5-BDE2-D3A54C259D0D}.Debug|Any CPU.Build.0 = Debug|Any CPU
		{6A6FB3F1-02A7-47F5-BDE2-D3A54C259D0D}.Release|Any CPU.ActiveCfg = Release|Any CPU
		{6A6FB3F1-02A7-47F5-BDE2-D3A54C259D0D}.Release|Any CPU.Build.0 = Release|Any CPU
		{334AB062-DA4D-4BB4-A3A7-0DB0FEF7B38B}.Debug|Any CPU.ActiveCfg = Debug|Any CPU
		{334AB062-DA4D-4BB4-A3A7-0DB0FEF7B38B}.Debug|Any CPU.Build.0 = Debug|Any CPU
		{334AB062-DA4D-4BB4-A3A7-0DB0FEF7B38B}.Release|Any CPU.ActiveCfg = Release|Any CPU
		{334AB062-DA4D-4BB4-A3A7-0DB0FEF7B38B}.Release|Any CPU.Build.0 = Release|Any CPU
		{4CC45DCB-CBDA-427D-B4B5-98D851484405}.Debug|Any CPU.ActiveCfg = Debug|Any CPU
		{4CC45DCB-CBDA-427D-B4B5-98D851484405}.Debug|Any CPU.Build.0 = Debug|Any CPU
		{4CC45DCB-CBDA-427D-B4B5-98D851484405}.Release|Any CPU.ActiveCfg = Release|Any CPU
		{4CC45DCB-CBDA-427D-B4B5-98D851484405}.Release|Any CPU.Build.0 = Release|Any CPU
		{0A40CEF1-BCF2-46FE-A5DD-84A6291BC168}.Debug|Any CPU.ActiveCfg = Debug|Any CPU
		{0A40CEF1-BCF2-46FE-A5DD-84A6291BC168}.Debug|Any CPU.Build.0 = Debug|Any CPU
		{0A40CEF1-BCF2-46FE-A5DD-84A6291BC168}.Release|Any CPU.ActiveCfg = Release|Any CPU
		{0A40CEF1-BCF2-46FE-A5DD-84A6291BC168}.Release|Any CPU.Build.0 = Release|Any CPU
		{F085416D-8908-4470-BBE0-770B5FA99ADD}.Debug|Any CPU.ActiveCfg = Debug|Any CPU
		{F085416D-8908-4470-BBE0-770B5FA99ADD}.Debug|Any CPU.Build.0 = Debug|Any CPU
		{F085416D-8908-4470-BBE0-770B5FA99ADD}.Release|Any CPU.ActiveCfg = Release|Any CPU
		{F085416D-8908-4470-BBE0-770B5FA99ADD}.Release|Any CPU.Build.0 = Release|Any CPU
		{07A25665-EF20-4F97-A13A-ED120D7BD82A}.Debug|Any CPU.ActiveCfg = Debug|Any CPU
		{07A25665-EF20-4F97-A13A-ED120D7BD82A}.Debug|Any CPU.Build.0 = Debug|Any CPU
		{07A25665-EF20-4F97-A13A-ED120D7BD82A}.Release|Any CPU.ActiveCfg = Release|Any CPU
		{07A25665-EF20-4F97-A13A-ED120D7BD82A}.Release|Any CPU.Build.0 = Release|Any CPU
		{7AF12FF0-A480-4F3A-BA27-6568C48228CD}.Debug|Any CPU.ActiveCfg = Debug|Any CPU
		{7AF12FF0-A480-4F3A-BA27-6568C48228CD}.Debug|Any CPU.Build.0 = Debug|Any CPU
		{7AF12FF0-A480-4F3A-BA27-6568C48228CD}.Release|Any CPU.ActiveCfg = Release|Any CPU
		{7AF12FF0-A480-4F3A-BA27-6568C48228CD}.Release|Any CPU.Build.0 = Release|Any CPU
		{9A93E112-F0CF-43EC-97ED-23A7AE68558E}.Debug|Any CPU.ActiveCfg = Debug|Any CPU
		{9A93E112-F0CF-43EC-97ED-23A7AE68558E}.Debug|Any CPU.Build.0 = Debug|Any CPU
		{9A93E112-F0CF-43EC-97ED-23A7AE68558E}.Release|Any CPU.ActiveCfg = Release|Any CPU
		{9A93E112-F0CF-43EC-97ED-23A7AE68558E}.Release|Any CPU.Build.0 = Release|Any CPU
	EndGlobalSection
	GlobalSection(SolutionProperties) = preSolution
		HideSolutionNode = FALSE
	EndGlobalSection
	GlobalSection(NestedProjects) = preSolution
		{883A9A7C-8AE5-4C78-91EE-A74CC11DD9A3} = {4E9C4EA0-49D4-42F7-9C5D-D18DEF715A88}
		{9377C516-BDE6-4F7C-89C9-8318AEE50569} = {4E9C4EA0-49D4-42F7-9C5D-D18DEF715A88}
		{5F7C7249-0C34-43D6-91E7-E11B448F50B5} = {4E9C4EA0-49D4-42F7-9C5D-D18DEF715A88}
		{5CA927C6-96D8-435A-B1A8-9E1793A03FF3} = {4E9C4EA0-49D4-42F7-9C5D-D18DEF715A88}
		{CA3C7BC3-FA37-47AB-BE8A-689EE0E14D01} = {4E9C4EA0-49D4-42F7-9C5D-D18DEF715A88}
		{418DA1B8-6661-4311-8D40-120543C56A46} = {C7076E34-FD8E-4E1A-8263-B7D73FC6BA51}
		{5CBCCB1C-AEAE-4FBE-9B74-9FA065B4FF05} = {C7076E34-FD8E-4E1A-8263-B7D73FC6BA51}
		{8B4325B1-F759-40FB-A21C-A38EAA29AC11} = {C7076E34-FD8E-4E1A-8263-B7D73FC6BA51}
		{272DDCFA-CE8D-4DE9-8453-CE194908AEAA} = {C7076E34-FD8E-4E1A-8263-B7D73FC6BA51}
		{5C48E155-AEAB-458D-8CEC-4082D82E96C6} = {C7076E34-FD8E-4E1A-8263-B7D73FC6BA51}
		{E791239E-1470-4AB1-A84B-48F85D8D0859} = {C7076E34-FD8E-4E1A-8263-B7D73FC6BA51}
		{4A475373-1F48-4E98-ABBF-FE0580E46E64} = {C7076E34-FD8E-4E1A-8263-B7D73FC6BA51}
		{4305D4FE-4D7F-41EC-BE73-3C8273A2C530} = {C7076E34-FD8E-4E1A-8263-B7D73FC6BA51}
		{D4C13DCB-59AE-4FF6-A833-A24FA02394F6} = {C7076E34-FD8E-4E1A-8263-B7D73FC6BA51}
		{7AF12FF0-A480-4F3A-BA27-6568C48228CD} = {C7076E34-FD8E-4E1A-8263-B7D73FC6BA51}
		{9A93E112-F0CF-43EC-97ED-23A7AE68558E} = {C7076E34-FD8E-4E1A-8263-B7D73FC6BA51}
		{B89BA652-2280-4FAE-B7CF-674AF3FBA21C} = {B107052D-68FE-4318-9AB0-6DAC31158811}
		{6A6FB3F1-02A7-47F5-BDE2-D3A54C259D0D} = {B107052D-68FE-4318-9AB0-6DAC31158811}
		{334AB062-DA4D-4BB4-A3A7-0DB0FEF7B38B} = {B107052D-68FE-4318-9AB0-6DAC31158811}
		{4CC45DCB-CBDA-427D-B4B5-98D851484405} = {B107052D-68FE-4318-9AB0-6DAC31158811}
		{0A40CEF1-BCF2-46FE-A5DD-84A6291BC168} = {B107052D-68FE-4318-9AB0-6DAC31158811}
		{F085416D-8908-4470-BBE0-770B5FA99ADD} = {B107052D-68FE-4318-9AB0-6DAC31158811}
		{07A25665-EF20-4F97-A13A-ED120D7BD82A} = {B107052D-68FE-4318-9AB0-6DAC31158811}
	EndGlobalSection
EndGlobal
